
Microsoft Visual Studio Solution File, Format Version 12.00
# Visual Studio 15
VisualStudioVersion = 15.0.27130.2027
MinimumVisualStudioVersion = 10.0.40219.1
Project("{FAE04EC0-301F-11D3-BF4B-00C04F79EFBC}") = "SRP", "SRP\SRP.csproj", "{FDD25F06-A1D5-40EA-BACA-7C3CB0AF2DB4}"
EndProject
Project("{FAE04EC0-301F-11D3-BF4B-00C04F79EFBC}") = "SRPTests", "SRPTests\SRPTests.csproj", "{62556969-4676-4870-9E5C-CB1B5A15CD62}"
EndProject
Project("{FAE04EC0-301F-11D3-BF4B-00C04F79EFBC}") = "NoSRP", "NoSRP\NoSRP.csproj", "{22E0D6FE-9C86-4801-8A7C-82CAF38F7429}"
EndProject
Global
	GlobalSection(SolutionConfigurationPlatforms) = preSolution
		Debug|Any CPU = Debug|Any CPU
		Release|Any CPU = Release|Any CPU
	EndGlobalSection
	GlobalSection(ProjectConfigurationPlatforms) = postSolution
		{FDD25F06-A1D5-40EA-BACA-7C3CB0AF2DB4}.Debug|Any CPU.ActiveCfg = Debug|Any CPU
		{FDD25F06-A1D5-40EA-BACA-7C3CB0AF2DB4}.Debug|Any CPU.Build.0 = Debug|Any CPU
		{FDD25F06-A1D5-40EA-BACA-7C3CB0AF2DB4}.Release|Any CPU.ActiveCfg = Release|Any CPU
		{FDD25F06-A1D5-40EA-BACA-7C3CB0AF2DB4}.Release|Any CPU.Build.0 = Release|Any CPU
		{62556969-4676-4870-9E5C-CB1B5A15CD62}.Debug|Any CPU.ActiveCfg = Debug|Any CPU
		{62556969-4676-4870-9E5C-CB1B5A15CD62}.Debug|Any CPU.Build.0 = Debug|Any CPU
		{62556969-4676-4870-9E5C-CB1B5A15CD62}.Release|Any CPU.ActiveCfg = Release|Any CPU
		{62556969-4676-4870-9E5C-CB1B5A15CD62}.Release|Any CPU.Build.0 = Release|Any CPU
		{22E0D6FE-9C86-4801-8A7C-82CAF38F7429}.Debug|Any CPU.ActiveCfg = Debug|Any CPU
		{22E0D6FE-9C86-4801-8A7C-82CAF38F7429}.Debug|Any CPU.Build.0 = Debug|Any CPU
		{22E0D6FE-9C86-4801-8A7C-82CAF38F7429}.Release|Any CPU.ActiveCfg = Release|Any CPU
		{22E0D6FE-9C86-4801-8A7C-82CAF38F7429}.Release|Any CPU.Build.0 = Release|Any CPU
	EndGlobalSection
	GlobalSection(SolutionProperties) = preSolution
		HideSolutionNode = FALSE
	EndGlobalSection
	GlobalSection(ExtensibilityGlobals) = postSolution
		SolutionGuid = {76BCCDE0-7F45-44F3-9096-B8BDC0E2EE61}
	EndGlobalSection
EndGlobal
