
Microsoft Visual Studio Solution File, Format Version 12.00
# Visual Studio 15
VisualStudioVersion = 15.0.27130.2027
MinimumVisualStudioVersion = 10.0.40219.1
Project("{FAE04EC0-301F-11D3-BF4B-00C04F79EFBC}") = "DIHelloWorld", "DIHelloWorld\DIHelloWorld.csproj", "{8E2D2B12-1B9B-43CA-AABE-64889A93F372}"
EndProject
Project("{FAE04EC0-301F-11D3-BF4B-00C04F79EFBC}") = "DIHelloWorldTests", "DIHelloWorldTests\DIHelloWorldTests.csproj", "{B66F6CEA-776C-4D28-A44A-8D34F76FCAF2}"
EndProject
Global
	GlobalSection(SolutionConfigurationPlatforms) = preSolution
		Debug|Any CPU = Debug|Any CPU
		Release|Any CPU = Release|Any CPU
	EndGlobalSection
	GlobalSection(ProjectConfigurationPlatforms) = postSolution
		{8E2D2B12-1B9B-43CA-AABE-64889A93F372}.Debug|Any CPU.ActiveCfg = Debug|Any CPU
		{8E2D2B12-1B9B-43CA-AABE-64889A93F372}.Debug|Any CPU.Build.0 = Debug|Any CPU
		{8E2D2B12-1B9B-43CA-AABE-64889A93F372}.Release|Any CPU.ActiveCfg = Release|Any CPU
		{8E2D2B12-1B9B-43CA-AABE-64889A93F372}.Release|Any CPU.Build.0 = Release|Any CPU
		{B66F6CEA-776C-4D28-A44A-8D34F76FCAF2}.Debug|Any CPU.ActiveCfg = Debug|Any CPU
		{B66F6CEA-776C-4D28-A44A-8D34F76FCAF2}.Debug|Any CPU.Build.0 = Debug|Any CPU
		{B66F6CEA-776C-4D28-A44A-8D34F76FCAF2}.Release|Any CPU.ActiveCfg = Release|Any CPU
		{B66F6CEA-776C-4D28-A44A-8D34F76FCAF2}.Release|Any CPU.Build.0 = Release|Any CPU
	EndGlobalSection
	GlobalSection(SolutionProperties) = preSolution
		HideSolutionNode = FALSE
	EndGlobalSection
	GlobalSection(ExtensibilityGlobals) = postSolution
		SolutionGuid = {41555C56-AA5D-4DB7-8973-BA62C83E0CE0}
	EndGlobalSection
EndGlobal
