
Microsoft Visual Studio Solution File, Format Version 12.00
# Visual Studio 15
VisualStudioVersion = 15.0.27130.2027
MinimumVisualStudioVersion = 10.0.40219.1
Project("{FAE04EC0-301F-11D3-BF4B-00C04F79EFBC}") = "DependencyInversionPrinciple", "DependencyInversionPrinciple\DependencyInversionPrinciple.csproj", "{6BDE2AB7-8742-456B-8AB2-D6797C5672C4}"
EndProject
Project("{FAE04EC0-301F-11D3-BF4B-00C04F79EFBC}") = "DependencyInversionPrincipleGood", "DependancyInversionPrincipleGood\DependencyInversionPrincipleGood.csproj", "{6A2B3431-7545-4C99-97E4-932498CEC900}"
EndProject
Project("{FAE04EC0-301F-11D3-BF4B-00C04F79EFBC}") = "DependencyInversionPrincipleGoodTests", "DependencyInversionPrincipleGoodTests\DependencyInversionPrincipleGoodTests.csproj", "{BCC197AE-98E1-4C5C-AC3A-7CF32ACC9DA9}"
EndProject
Global
	GlobalSection(SolutionConfigurationPlatforms) = preSolution
		Debug|Any CPU = Debug|Any CPU
		Release|Any CPU = Release|Any CPU
	EndGlobalSection
	GlobalSection(ProjectConfigurationPlatforms) = postSolution
		{6BDE2AB7-8742-456B-8AB2-D6797C5672C4}.Debug|Any CPU.ActiveCfg = Debug|Any CPU
		{6BDE2AB7-8742-456B-8AB2-D6797C5672C4}.Debug|Any CPU.Build.0 = Debug|Any CPU
		{6BDE2AB7-8742-456B-8AB2-D6797C5672C4}.Release|Any CPU.ActiveCfg = Release|Any CPU
		{6BDE2AB7-8742-456B-8AB2-D6797C5672C4}.Release|Any CPU.Build.0 = Release|Any CPU
		{6A2B3431-7545-4C99-97E4-932498CEC900}.Debug|Any CPU.ActiveCfg = Debug|Any CPU
		{6A2B3431-7545-4C99-97E4-932498CEC900}.Debug|Any CPU.Build.0 = Debug|Any CPU
		{6A2B3431-7545-4C99-97E4-932498CEC900}.Release|Any CPU.ActiveCfg = Release|Any CPU
		{6A2B3431-7545-4C99-97E4-932498CEC900}.Release|Any CPU.Build.0 = Release|Any CPU
		{BCC197AE-98E1-4C5C-AC3A-7CF32ACC9DA9}.Debug|Any CPU.ActiveCfg = Debug|Any CPU
		{BCC197AE-98E1-4C5C-AC3A-7CF32ACC9DA9}.Debug|Any CPU.Build.0 = Debug|Any CPU
		{BCC197AE-98E1-4C5C-AC3A-7CF32ACC9DA9}.Release|Any CPU.ActiveCfg = Release|Any CPU
		{BCC197AE-98E1-4C5C-AC3A-7CF32ACC9DA9}.Release|Any CPU.Build.0 = Release|Any CPU
	EndGlobalSection
	GlobalSection(SolutionProperties) = preSolution
		HideSolutionNode = FALSE
	EndGlobalSection
	GlobalSection(ExtensibilityGlobals) = postSolution
		SolutionGuid = {B816B89C-01FF-44DE-9140-808DD16E622F}
	EndGlobalSection
EndGlobal
