
Microsoft Visual Studio Solution File, Format Version 12.00
# Visual Studio 15
VisualStudioVersion = 15.0.27130.2027
MinimumVisualStudioVersion = 10.0.40219.1
Project("{FAE04EC0-301F-11D3-BF4B-00C04F79EFBC}") = "CastleWindsor", "CastleWindsor\CastleWindsor.csproj", "{EE4249E0-20C1-451A-B03E-6ED42AA0987C}"
EndProject
Project("{FAE04EC0-301F-11D3-BF4B-00C04F79EFBC}") = "Autofac", "Autofac\Autofac.csproj", "{267DC1F3-A02A-437B-BD1F-A375BF73737C}"
EndProject
Project("{FAE04EC0-301F-11D3-BF4B-00C04F79EFBC}") = "StructureMap", "StructureMap\StructureMap.csproj", "{D63D2DCC-BA12-48ED-89E1-818E3D910A2C}"
EndProject
Global
	GlobalSection(SolutionConfigurationPlatforms) = preSolution
		Debug|Any CPU = Debug|Any CPU
		Release|Any CPU = Release|Any CPU
	EndGlobalSection
	GlobalSection(ProjectConfigurationPlatforms) = postSolution
		{EE4249E0-20C1-451A-B03E-6ED42AA0987C}.Debug|Any CPU.ActiveCfg = Debug|Any CPU
		{EE4249E0-20C1-451A-B03E-6ED42AA0987C}.Debug|Any CPU.Build.0 = Debug|Any CPU
		{EE4249E0-20C1-451A-B03E-6ED42AA0987C}.Release|Any CPU.ActiveCfg = Release|Any CPU
		{EE4249E0-20C1-451A-B03E-6ED42AA0987C}.Release|Any CPU.Build.0 = Release|Any CPU
		{267DC1F3-A02A-437B-BD1F-A375BF73737C}.Debug|Any CPU.ActiveCfg = Debug|Any CPU
		{267DC1F3-A02A-437B-BD1F-A375BF73737C}.Debug|Any CPU.Build.0 = Debug|Any CPU
		{267DC1F3-A02A-437B-BD1F-A375BF73737C}.Release|Any CPU.ActiveCfg = Release|Any CPU
		{267DC1F3-A02A-437B-BD1F-A375BF73737C}.Release|Any CPU.Build.0 = Release|Any CPU
		{D63D2DCC-BA12-48ED-89E1-818E3D910A2C}.Debug|Any CPU.ActiveCfg = Debug|Any CPU
		{D63D2DCC-BA12-48ED-89E1-818E3D910A2C}.Debug|Any CPU.Build.0 = Debug|Any CPU
		{D63D2DCC-BA12-48ED-89E1-818E3D910A2C}.Release|Any CPU.ActiveCfg = Release|Any CPU
		{D63D2DCC-BA12-48ED-89E1-818E3D910A2C}.Release|Any CPU.Build.0 = Release|Any CPU
	EndGlobalSection
	GlobalSection(SolutionProperties) = preSolution
		HideSolutionNode = FALSE
	EndGlobalSection
	GlobalSection(ExtensibilityGlobals) = postSolution
		SolutionGuid = {44BD859B-5350-425F-84C7-81C99562A497}
	EndGlobalSection
EndGlobal
