
Microsoft Visual Studio Solution File, Format Version 12.00
# Visual Studio 15
VisualStudioVersion = 15.0.27130.2027
MinimumVisualStudioVersion = 10.0.40219.1
Project("{FAE04EC0-301F-11D3-BF4B-00C04F79EFBC}") = "ClientServiceExample", "ClientServiceExample\ClientServiceExample.csproj", "{C6586EF1-1B29-42FA-BFFE-027C67F82445}"
EndProject
Project("{FAE04EC0-301F-11D3-BF4B-00C04F79EFBC}") = "ClientServicePropertyExample", "ClientServicePropertyExample\ClientServicePropertyExample.csproj", "{9CD42DCF-F26B-4B6E-8B85-14DF2219B2ED}"
EndProject
Project("{FAE04EC0-301F-11D3-BF4B-00C04F79EFBC}") = "ClientServiceMethodExample", "ClientServiceExampleMethod\ClientServiceMethodExample.csproj", "{160FDCFD-7F67-43C5-95EF-FD4DC8D6D1AD}"
EndProject
Global
	GlobalSection(SolutionConfigurationPlatforms) = preSolution
		Debug|Any CPU = Debug|Any CPU
		Release|Any CPU = Release|Any CPU
	EndGlobalSection
	GlobalSection(ProjectConfigurationPlatforms) = postSolution
		{C6586EF1-1B29-42FA-BFFE-027C67F82445}.Debug|Any CPU.ActiveCfg = Debug|Any CPU
		{C6586EF1-1B29-42FA-BFFE-027C67F82445}.Debug|Any CPU.Build.0 = Debug|Any CPU
		{C6586EF1-1B29-42FA-BFFE-027C67F82445}.Release|Any CPU.ActiveCfg = Release|Any CPU
		{C6586EF1-1B29-42FA-BFFE-027C67F82445}.Release|Any CPU.Build.0 = Release|Any CPU
		{9CD42DCF-F26B-4B6E-8B85-14DF2219B2ED}.Debug|Any CPU.ActiveCfg = Debug|Any CPU
		{9CD42DCF-F26B-4B6E-8B85-14DF2219B2ED}.Debug|Any CPU.Build.0 = Debug|Any CPU
		{9CD42DCF-F26B-4B6E-8B85-14DF2219B2ED}.Release|Any CPU.ActiveCfg = Release|Any CPU
		{9CD42DCF-F26B-4B6E-8B85-14DF2219B2ED}.Release|Any CPU.Build.0 = Release|Any CPU
		{160FDCFD-7F67-43C5-95EF-FD4DC8D6D1AD}.Debug|Any CPU.ActiveCfg = Debug|Any CPU
		{160FDCFD-7F67-43C5-95EF-FD4DC8D6D1AD}.Debug|Any CPU.Build.0 = Debug|Any CPU
		{160FDCFD-7F67-43C5-95EF-FD4DC8D6D1AD}.Release|Any CPU.ActiveCfg = Release|Any CPU
		{160FDCFD-7F67-43C5-95EF-FD4DC8D6D1AD}.Release|Any CPU.Build.0 = Release|Any CPU
	EndGlobalSection
	GlobalSection(SolutionProperties) = preSolution
		HideSolutionNode = FALSE
	EndGlobalSection
	GlobalSection(ExtensibilityGlobals) = postSolution
		SolutionGuid = {4E1398DA-4FCE-4839-978D-7E83CB391018}
	EndGlobalSection
EndGlobal
