
Microsoft Visual Studio Solution File, Format Version 12.00
# Visual Studio 15
VisualStudioVersion = 15.0.27004.2010
MinimumVisualStudioVersion = 10.0.40219.1
Project("{FAE04EC0-301F-11D3-BF4B-00C04F79EFBC}") = "MSTestExample", "UnitTestFrameworks\MSTestExample.csproj", "{B4F286C9-AFA6-4D88-8C8F-F5C9C4F2AB6C}"
EndProject
Project("{FAE04EC0-301F-11D3-BF4B-00C04F79EFBC}") = "NUnitExample", "NUnitExample\NUnitExample.csproj", "{97F096AF-B79F-4A5B-B669-EEAF85A79332}"
EndProject
Project("{FAE04EC0-301F-11D3-BF4B-00C04F79EFBC}") = "xUnitExample", "xUnitExample\xUnitExample.csproj", "{07A63B11-563C-4599-BEDC-2A9796B04387}"
EndProject
Global
	GlobalSection(SolutionConfigurationPlatforms) = preSolution
		Debug|Any CPU = Debug|Any CPU
		Release|Any CPU = Release|Any CPU
	EndGlobalSection
	GlobalSection(ProjectConfigurationPlatforms) = postSolution
		{B4F286C9-AFA6-4D88-8C8F-F5C9C4F2AB6C}.Debug|Any CPU.ActiveCfg = Debug|Any CPU
		{B4F286C9-AFA6-4D88-8C8F-F5C9C4F2AB6C}.Debug|Any CPU.Build.0 = Debug|Any CPU
		{B4F286C9-AFA6-4D88-8C8F-F5C9C4F2AB6C}.Release|Any CPU.ActiveCfg = Release|Any CPU
		{B4F286C9-AFA6-4D88-8C8F-F5C9C4F2AB6C}.Release|Any CPU.Build.0 = Release|Any CPU
		{97F096AF-B79F-4A5B-B669-EEAF85A79332}.Debug|Any CPU.ActiveCfg = Debug|Any CPU
		{97F096AF-B79F-4A5B-B669-EEAF85A79332}.Debug|Any CPU.Build.0 = Debug|Any CPU
		{97F096AF-B79F-4A5B-B669-EEAF85A79332}.Release|Any CPU.ActiveCfg = Release|Any CPU
		{97F096AF-B79F-4A5B-B669-EEAF85A79332}.Release|Any CPU.Build.0 = Release|Any CPU
		{07A63B11-563C-4599-BEDC-2A9796B04387}.Debug|Any CPU.ActiveCfg = Debug|Any CPU
		{07A63B11-563C-4599-BEDC-2A9796B04387}.Debug|Any CPU.Build.0 = Debug|Any CPU
		{07A63B11-563C-4599-BEDC-2A9796B04387}.Release|Any CPU.ActiveCfg = Release|Any CPU
		{07A63B11-563C-4599-BEDC-2A9796B04387}.Release|Any CPU.Build.0 = Release|Any CPU
	EndGlobalSection
	GlobalSection(SolutionProperties) = preSolution
		HideSolutionNode = FALSE
	EndGlobalSection
	GlobalSection(ExtensibilityGlobals) = postSolution
		SolutionGuid = {A377D7E7-FB3F-439F-B857-22C18DAEEF7A}
	EndGlobalSection
EndGlobal
